
Microsoft Visual Studio Solution File, Format Version 12.00
# Visual Studio Version 17
VisualStudioVersion = 17.12.35506.116 d17.12
MinimumVisualStudioVersion = 10.0.40219.1
Project("{FAE04EC0-301F-11D3-BF4B-00C04F79EFBC}") = "DirectoryExample2", "DirectoryExample2\DirectoryExample2.csproj", "{673CFBEF-4AC1-4E79-99DA-2F1019DA4718}"
EndProject
Project("{FAE04EC0-301F-11D3-BF4B-00C04F79EFBC}") = "folderLibrary", "folderLibrary\folderLibrary.csproj", "{A145F69A-278B-492C-BD2E-1C34C4B2DE61}"
EndProject
Global
	GlobalSection(SolutionConfigurationPlatforms) = preSolution
		Debug|Any CPU = Debug|Any CPU
		Release|Any CPU = Release|Any CPU
	EndGlobalSection
	GlobalSection(ProjectConfigurationPlatforms) = postSolution
		{673CFBEF-4AC1-4E79-99DA-2F1019DA4718}.Debug|Any CPU.ActiveCfg = Debug|Any CPU
		{673CFBEF-4AC1-4E79-99DA-2F1019DA4718}.Debug|Any CPU.Build.0 = Debug|Any CPU
		{673CFBEF-4AC1-4E79-99DA-2F1019DA4718}.Release|Any CPU.ActiveCfg = Release|Any CPU
		{673CFBEF-4AC1-4E79-99DA-2F1019DA4718}.Release|Any CPU.Build.0 = Release|Any CPU
		{A145F69A-278B-492C-BD2E-1C34C4B2DE61}.Debug|Any CPU.ActiveCfg = Debug|Any CPU
		{A145F69A-278B-492C-BD2E-1C34C4B2DE61}.Debug|Any CPU.Build.0 = Debug|Any CPU
		{A145F69A-278B-492C-BD2E-1C34C4B2DE61}.Release|Any CPU.ActiveCfg = Release|Any CPU
		{A145F69A-278B-492C-BD2E-1C34C4B2DE61}.Release|Any CPU.Build.0 = Release|Any CPU
	EndGlobalSection
	GlobalSection(SolutionProperties) = preSolution
		HideSolutionNode = FALSE
	EndGlobalSection
EndGlobal
